
Microsoft Visual Studio Solution File, Format Version 12.00
# Visual Studio Version 17
VisualStudioVersion = 17.8.34408.163
MinimumVisualStudioVersion = 10.0.40219.1
Project("{FAE04EC0-301F-11D3-BF4B-00C04F79EFBC}") = "CanddelsBackEnd", "CanddelsBackEnd\CanddelsBackEnd.csproj", "{79503B5C-EFDB-4B07-9F34-48D5B503D8CA}"
EndProject
Global
	GlobalSection(SolutionConfigurationPlatforms) = preSolution
		Debug|Any CPU = Debug|Any CPU
		Release|Any CPU = Release|Any CPU
	EndGlobalSection
	GlobalSection(ProjectConfigurationPlatforms) = postSolution
		{79503B5C-EFDB-4B07-9F34-48D5B503D8CA}.Debug|Any CPU.ActiveCfg = Debug|Any CPU
		{79503B5C-EFDB-4B07-9F34-48D5B503D8CA}.Debug|Any CPU.Build.0 = Debug|Any CPU
		{79503B5C-EFDB-4B07-9F34-48D5B503D8CA}.Release|Any CPU.ActiveCfg = Release|Any CPU
		{79503B5C-EFDB-4B07-9F34-48D5B503D8CA}.Release|Any CPU.Build.0 = Release|Any CPU
	EndGlobalSection
	GlobalSection(SolutionProperties) = preSolution
		HideSolutionNode = FALSE
	EndGlobalSection
	GlobalSection(ExtensibilityGlobals) = postSolution
		SolutionGuid = {C5147690-67F1-44E4-8D2B-219EB5DD6578}
	EndGlobalSection
EndGlobal
